Microsoft Visual Studio Solution File, Format Version 12.00
# Visual Studio 15
VisualStudioVersion = 15.0.26124.0
MinimumVisualStudioVersion = 15.0.26124.0
Project("{6EC3EE1D-3C4E-46DD-8F32-0CC8E7565705}") = "HardRightEdge", "HardRightEdge\HardRightEdge.fsproj", "{03FFFC0E-571D-48DB-BB0A-9642A978633C}"
EndProject
Project("{6EC3EE1D-3C4E-46DD-8F32-0CC8E7565705}") = "HardRightEdge.Test", "HardRightEdge.Test\HardRightEdge.Test.fsproj", "{AA2435AD-B69B-4A40-8FAB-9F0970424DCC}"
EndProject
Project("{9A19103F-16F7-4668-BE54-9A1E7A4F7556}") = "YahooFinanceAPI", "YahooFinanceAPI\YahooFinanceAPI.csproj", "{9F664C6A-6D24-45EF-9A9C-3324292E1C46}"
EndProject
Project("{F2A71F9B-5D33-465A-A702-920D77279786}") = "HardRightEdge.WebApi", "HardRightEdge.WebApi\HardRightEdge.WebApi.fsproj", "{FD239842-3D1E-4197-AD40-27C008F0D51C}"
EndProject
Global
	GlobalSection(SolutionConfigurationPlatforms) = preSolution
		Debug|Any CPU = Debug|Any CPU
		Debug|x64 = Debug|x64
		Debug|x86 = Debug|x86
		Release|Any CPU = Release|Any CPU
		Release|x64 = Release|x64
		Release|x86 = Release|x86
	EndGlobalSection
	GlobalSection(ProjectConfigurationPlatforms) = postSolution
		{03FFFC0E-571D-48DB-BB0A-9642A978633C}.Debug|Any CPU.ActiveCfg = Debug|Any CPU
		{03FFFC0E-571D-48DB-BB0A-9642A978633C}.Debug|Any CPU.Build.0 = Debug|Any CPU
		{03FFFC0E-571D-48DB-BB0A-9642A978633C}.Debug|x64.ActiveCfg = Debug|Any CPU
		{03FFFC0E-571D-48DB-BB0A-9642A978633C}.Debug|x64.Build.0 = Debug|Any CPU
		{03FFFC0E-571D-48DB-BB0A-9642A978633C}.Debug|x86.ActiveCfg = Debug|Any CPU
		{03FFFC0E-571D-48DB-BB0A-9642A978633C}.Debug|x86.Build.0 = Debug|Any CPU
		{03FFFC0E-571D-48DB-BB0A-9642A978633C}.Release|Any CPU.ActiveCfg = Release|Any CPU
		{03FFFC0E-571D-48DB-BB0A-9642A978633C}.Release|Any CPU.Build.0 = Release|Any CPU
		{03FFFC0E-571D-48DB-BB0A-9642A978633C}.Release|x64.ActiveCfg = Release|Any CPU
		{03FFFC0E-571D-48DB-BB0A-9642A978633C}.Release|x64.Build.0 = Release|Any CPU
		{03FFFC0E-571D-48DB-BB0A-9642A978633C}.Release|x86.ActiveCfg = Release|Any CPU
		{03FFFC0E-571D-48DB-BB0A-9642A978633C}.Release|x86.Build.0 = Release|Any CPU
		{AA2435AD-B69B-4A40-8FAB-9F0970424DCC}.Debug|Any CPU.ActiveCfg = Debug|Any CPU
		{AA2435AD-B69B-4A40-8FAB-9F0970424DCC}.Debug|Any CPU.Build.0 = Debug|Any CPU
		{AA2435AD-B69B-4A40-8FAB-9F0970424DCC}.Debug|x64.ActiveCfg = Debug|Any CPU
		{AA2435AD-B69B-4A40-8FAB-9F0970424DCC}.Debug|x64.Build.0 = Debug|Any CPU
		{AA2435AD-B69B-4A40-8FAB-9F0970424DCC}.Debug|x86.ActiveCfg = Debug|Any CPU
		{AA2435AD-B69B-4A40-8FAB-9F0970424DCC}.Debug|x86.Build.0 = Debug|Any CPU
		{AA2435AD-B69B-4A40-8FAB-9F0970424DCC}.Release|Any CPU.ActiveCfg = Release|Any CPU
		{AA2435AD-B69B-4A40-8FAB-9F0970424DCC}.Release|Any CPU.Build.0 = Release|Any CPU
		{AA2435AD-B69B-4A40-8FAB-9F0970424DCC}.Release|x64.ActiveCfg = Release|Any CPU
		{AA2435AD-B69B-4A40-8FAB-9F0970424DCC}.Release|x64.Build.0 = Release|Any CPU
		{AA2435AD-B69B-4A40-8FAB-9F0970424DCC}.Release|x86.ActiveCfg = Release|Any CPU
		{AA2435AD-B69B-4A40-8FAB-9F0970424DCC}.Release|x86.Build.0 = Release|Any CPU
		{9F664C6A-6D24-45EF-9A9C-3324292E1C46}.Debug|Any CPU.ActiveCfg = Debug|Any CPU
		{9F664C6A-6D24-45EF-9A9C-3324292E1C46}.Debug|Any CPU.Build.0 = Debug|Any CPU
		{9F664C6A-6D24-45EF-9A9C-3324292E1C46}.Debug|x64.ActiveCfg = Debug|Any CPU
		{9F664C6A-6D24-45EF-9A9C-3324292E1C46}.Debug|x64.Build.0 = Debug|Any CPU
		{9F664C6A-6D24-45EF-9A9C-3324292E1C46}.Debug|x86.ActiveCfg = Debug|Any CPU
		{9F664C6A-6D24-45EF-9A9C-3324292E1C46}.Debug|x86.Build.0 = Debug|Any CPU
		{9F664C6A-6D24-45EF-9A9C-3324292E1C46}.Release|Any CPU.ActiveCfg = Release|Any CPU
		{9F664C6A-6D24-45EF-9A9C-3324292E1C46}.Release|Any CPU.Build.0 = Release|Any CPU
		{9F664C6A-6D24-45EF-9A9C-3324292E1C46}.Release|x64.ActiveCfg = Release|Any CPU
		{9F664C6A-6D24-45EF-9A9C-3324292E1C46}.Release|x64.Build.0 = Release|Any CPU
		{9F664C6A-6D24-45EF-9A9C-3324292E1C46}.Release|x86.ActiveCfg = Release|Any CPU
		{9F664C6A-6D24-45EF-9A9C-3324292E1C46}.Release|x86.Build.0 = Release|Any CPU
		{FD239842-3D1E-4197-AD40-27C008F0D51C}.Debug|Any CPU.ActiveCfg = Debug|Any CPU
		{FD239842-3D1E-4197-AD40-27C008F0D51C}.Debug|Any CPU.Build.0 = Debug|Any CPU
		{FD239842-3D1E-4197-AD40-27C008F0D51C}.Debug|x64.ActiveCfg = Debug|Any CPU
		{FD239842-3D1E-4197-AD40-27C008F0D51C}.Debug|x64.Build.0 = Debug|Any CPU
		{FD239842-3D1E-4197-AD40-27C008F0D51C}.Debug|x86.ActiveCfg = Debug|Any CPU
		{FD239842-3D1E-4197-AD40-27C008F0D51C}.Debug|x86.Build.0 = Debug|Any CPU
		{FD239842-3D1E-4197-AD40-27C008F0D51C}.Release|Any CPU.ActiveCfg = Release|Any CPU
		{FD239842-3D1E-4197-AD40-27C008F0D51C}.Release|Any CPU.Build.0 = Release|Any CPU
		{FD239842-3D1E-4197-AD40-27C008F0D51C}.Release|x64.ActiveCfg = Release|Any CPU
		{FD239842-3D1E-4197-AD40-27C008F0D51C}.Release|x64.Build.0 = Release|Any CPU
		{FD239842-3D1E-4197-AD40-27C008F0D51C}.Release|x86.ActiveCfg = Release|Any CPU
		{FD239842-3D1E-4197-AD40-27C008F0D51C}.Release|x86.Build.0 = Release|Any CPU
	EndGlobalSection
	GlobalSection(SolutionProperties) = preSolution
		HideSolutionNode = FALSE
	EndGlobalSection
	GlobalSection(ExtensibilityGlobals) = postSolution
		SolutionGuid = {8862FDA1-E4A4-4B14-B8ED-0BD9A71A047E}
	EndGlobalSection
EndGlobal
